
Microsoft Visual Studio Solution File, Format Version 12.00
# Visual Studio Version 17
VisualStudioVersion = 17.1.32407.343
MinimumVisualStudioVersion = 10.0.40219.1
Project("{9A19103F-16F7-4668-BE54-9A1E7A4F7556}") = "BLOGN.API", "BLOGN.API.csproj", "{8602B25D-5147-4D9D-921A-8E095B025862}"
EndProject
Project("{9A19103F-16F7-4668-BE54-9A1E7A4F7556}") = "BLOGN.Models", "..\BLOGN.Models\BLOGN.Models.csproj", "{8C4264C6-8CA1-4888-B7D2-94440D423D5C}"
EndProject
Project("{9A19103F-16F7-4668-BE54-9A1E7A4F7556}") = "BLOGN.Data", "..\BLOGN.Data\BLOGN.Data.csproj", "{51E53CC8-B2DB-446C-BDA0-F7991F475F8A}"
EndProject
Project("{FAE04EC0-301F-11D3-BF4B-00C04F79EFBC}") = "BLOGN.SharedTools", "..\BLOGN.SharedTools\BLOGN.SharedTools.csproj", "{3B214C75-35E0-4891-B001-7205B7FACA9F}"
EndProject
Global
	GlobalSection(SolutionConfigurationPlatforms) = preSolution
		Debug|Any CPU = Debug|Any CPU
		Release|Any CPU = Release|Any CPU
	EndGlobalSection
	GlobalSection(ProjectConfigurationPlatforms) = postSolution
		{8602B25D-5147-4D9D-921A-8E095B025862}.Debug|Any CPU.ActiveCfg = Debug|Any CPU
		{8602B25D-5147-4D9D-921A-8E095B025862}.Debug|Any CPU.Build.0 = Debug|Any CPU
		{8602B25D-5147-4D9D-921A-8E095B025862}.Release|Any CPU.ActiveCfg = Release|Any CPU
		{8602B25D-5147-4D9D-921A-8E095B025862}.Release|Any CPU.Build.0 = Release|Any CPU
		{8C4264C6-8CA1-4888-B7D2-94440D423D5C}.Debug|Any CPU.ActiveCfg = Debug|Any CPU
		{8C4264C6-8CA1-4888-B7D2-94440D423D5C}.Debug|Any CPU.Build.0 = Debug|Any CPU
		{8C4264C6-8CA1-4888-B7D2-94440D423D5C}.Release|Any CPU.ActiveCfg = Release|Any CPU
		{8C4264C6-8CA1-4888-B7D2-94440D423D5C}.Release|Any CPU.Build.0 = Release|Any CPU
		{51E53CC8-B2DB-446C-BDA0-F7991F475F8A}.Debug|Any CPU.ActiveCfg = Debug|Any CPU
		{51E53CC8-B2DB-446C-BDA0-F7991F475F8A}.Debug|Any CPU.Build.0 = Debug|Any CPU
		{51E53CC8-B2DB-446C-BDA0-F7991F475F8A}.Release|Any CPU.ActiveCfg = Release|Any CPU
		{51E53CC8-B2DB-446C-BDA0-F7991F475F8A}.Release|Any CPU.Build.0 = Release|Any CPU
		{3B214C75-35E0-4891-B001-7205B7FACA9F}.Debug|Any CPU.ActiveCfg = Debug|Any CPU
		{3B214C75-35E0-4891-B001-7205B7FACA9F}.Debug|Any CPU.Build.0 = Debug|Any CPU
		{3B214C75-35E0-4891-B001-7205B7FACA9F}.Release|Any CPU.ActiveCfg = Release|Any CPU
		{3B214C75-35E0-4891-B001-7205B7FACA9F}.Release|Any CPU.Build.0 = Release|Any CPU
	EndGlobalSection
	GlobalSection(SolutionProperties) = preSolution
		HideSolutionNode = FALSE
	EndGlobalSection
	GlobalSection(ExtensibilityGlobals) = postSolution
		SolutionGuid = {3FA4F0E1-4A2E-4DBE-AF52-0E24E15A4BC3}
	EndGlobalSection
EndGlobal
